
Microsoft Visual Studio Solution File, Format Version 12.00
# Visual Studio Version 17
VisualStudioVersion = 17.1.32328.378
MinimumVisualStudioVersion = 10.0.40219.1
Project("{9A19103F-16F7-4668-BE54-9A1E7A4F7556}") = "LINQ_DataContext", "LINQ_DataContext.csproj", "{BF9E05C2-280B-41CE-9864-19B2C3211752}"
EndProject
Project("{9A19103F-16F7-4668-BE54-9A1E7A4F7556}") = "LINQ_Exercices", "..\LINQ_Exercices\LINQ_Exercices.csproj", "{A29C5643-4761-4CEC-A01C-D5F78DE48647}"
EndProject
Project("{FAE04EC0-301F-11D3-BF4B-00C04F79EFBC}") = "EXPalindrome", "..\EXPalindrome\EXPalindrome.csproj", "{4D63F1B4-E5C4-4B28-B678-37BAC9949A2C}"
EndProject
Global
	GlobalSection(SolutionConfigurationPlatforms) = preSolution
		Debug|Any CPU = Debug|Any CPU
		Release|Any CPU = Release|Any CPU
	EndGlobalSection
	GlobalSection(ProjectConfigurationPlatforms) = postSolution
		{BF9E05C2-280B-41CE-9864-19B2C3211752}.Debug|Any CPU.ActiveCfg = Debug|Any CPU
		{BF9E05C2-280B-41CE-9864-19B2C3211752}.Debug|Any CPU.Build.0 = Debug|Any CPU
		{BF9E05C2-280B-41CE-9864-19B2C3211752}.Release|Any CPU.ActiveCfg = Release|Any CPU
		{BF9E05C2-280B-41CE-9864-19B2C3211752}.Release|Any CPU.Build.0 = Release|Any CPU
		{A29C5643-4761-4CEC-A01C-D5F78DE48647}.Debug|Any CPU.ActiveCfg = Debug|Any CPU
		{A29C5643-4761-4CEC-A01C-D5F78DE48647}.Debug|Any CPU.Build.0 = Debug|Any CPU
		{A29C5643-4761-4CEC-A01C-D5F78DE48647}.Release|Any CPU.ActiveCfg = Release|Any CPU
		{A29C5643-4761-4CEC-A01C-D5F78DE48647}.Release|Any CPU.Build.0 = Release|Any CPU
		{4D63F1B4-E5C4-4B28-B678-37BAC9949A2C}.Debug|Any CPU.ActiveCfg = Debug|Any CPU
		{4D63F1B4-E5C4-4B28-B678-37BAC9949A2C}.Debug|Any CPU.Build.0 = Debug|Any CPU
		{4D63F1B4-E5C4-4B28-B678-37BAC9949A2C}.Release|Any CPU.ActiveCfg = Release|Any CPU
		{4D63F1B4-E5C4-4B28-B678-37BAC9949A2C}.Release|Any CPU.Build.0 = Release|Any CPU
	EndGlobalSection
	GlobalSection(SolutionProperties) = preSolution
		HideSolutionNode = FALSE
	EndGlobalSection
	GlobalSection(ExtensibilityGlobals) = postSolution
		SolutionGuid = {B1A8BC9E-E077-4E7F-AEE4-CDBB1B8206CE}
	EndGlobalSection
EndGlobal
