
Microsoft Visual Studio Solution File, Format Version 12.00
# Visual Studio Version 17
VisualStudioVersion = 17.7.34031.279
MinimumVisualStudioVersion = 10.0.40219.1
Project("{FAE04EC0-301F-11D3-BF4B-00C04F79EFBC}") = "examJanvier23", "examJanvier23.csproj", "{7CE24BB3-3C17-41F5-B997-44E15283AF2B}"
EndProject
Global
	GlobalSection(SolutionConfigurationPlatforms) = preSolution
		Debug|Any CPU = Debug|Any CPU
		Release|Any CPU = Release|Any CPU
	EndGlobalSection
	GlobalSection(ProjectConfigurationPlatforms) = postSolution
		{7CE24BB3-3C17-41F5-B997-44E15283AF2B}.Debug|Any CPU.ActiveCfg = Debug|Any CPU
		{7CE24BB3-3C17-41F5-B997-44E15283AF2B}.Debug|Any CPU.Build.0 = Debug|Any CPU
		{7CE24BB3-3C17-41F5-B997-44E15283AF2B}.Release|Any CPU.ActiveCfg = Release|Any CPU
		{7CE24BB3-3C17-41F5-B997-44E15283AF2B}.Release|Any CPU.Build.0 = Release|Any CPU
	EndGlobalSection
	GlobalSection(SolutionProperties) = preSolution
		HideSolutionNode = FALSE
	EndGlobalSection
	GlobalSection(ExtensibilityGlobals) = postSolution
		SolutionGuid = {FC7EFA32-C24B-466A-8140-59ED7864707E}
	EndGlobalSection
EndGlobal
